// !$*UTF8*$!
{
	archiveVersion = 1;
	classes = {
	};
	objectVersion = 46;
	objects = {

/* Begin PBXBuildFile section */
		8B4EE3CC1CE56E98002EBA8F /* main.m in Sources */ = {isa = PBXBuildFile; fileRef = 8B4EE3CB1CE56E98002EBA8F /* main.m */; };
		8B4EE3CF1CE56E98002EBA8F /* AppDelegate.m in Sources */ = {isa = PBXBuildFile; fileRef = 8B4EE3CE1CE56E98002EBA8F /* AppDelegate.m */; };
		8B4EE3D21CE56E98002EBA8F /* ViewController.m in Sources */ = {isa = PBXBuildFile; fileRef = 8B4EE3D11CE56E98002EBA8F /* ViewController.m */; };
		8B4EE3D51CE56E98002EBA8F /* Main.storyboard in Resources */ = {isa = PBXBuildFile; fileRef = 8B4EE3D31CE56E98002EBA8F /* Main.storyboard */; };
		8B4EE3D71CE56E98002EBA8F /* Assets.xcassets in Resources */ = {isa = PBXBuildFile; fileRef = 8B4EE3D61CE56E98002EBA8F /* Assets.xcassets */; };
		8B4EE3DA1CE56E98002EBA8F /* LaunchScreen.storyboard in Resources */ = {isa = PBXBuildFile; fileRef = 8B4EE3D81CE56E98002EBA8F /* LaunchScreen.storyboard */; };
/* End PBXBuildFile section */

/* Begin PBXFileReference section */
		8B4EE3C71CE56E98002EBA8F /* CatergoriesForThreePartDemo.app */ = {isa = PBXFileReference; explicitFileType = wrapper.application; includeInIndex = 0; path = CatergoriesForThreePartDemo.app; sourceTree = BUILT_PRODUCTS_DIR; };
		8B4EE3CB1CE56E98002EBA8F /* main.m */ = {isa = PBXFileReference; lastKnownFileType = sourcecode.c.objc; path = main.m; sourceTree = "<group>"; };
		8B4EE3CD1CE56E98002EBA8F /* AppDelegate.h */ = {isa = PBXFileReference; lastKnownFileType = sourcecode.c.h; path = AppDelegate.h; sourceTree = "<group>"; };
		8B4EE3CE1CE56E98002EBA8F /* AppDelegate.m */ = {isa = PBXFileReference; lastKnownFileType = sourcecode.c.objc; path = AppDelegate.m; sourceTree = "<group>"; };
		8B4EE3D01CE56E98002EBA8F /* ViewController.h */ = {isa = PBXFileReference; lastKnownFileType = sourcecode.c.h; path = ViewController.h; sourceTree = "<group>"; };
		8B4EE3D11CE56E98002EBA8F /* ViewController.m */ = {isa = PBXFileReference; lastKnownFileType = sourcecode.c.objc; path = ViewController.m; sourceTree = "<group>"; };
		8B4EE3D41CE56E98002EBA8F /* Base */ = {isa = PBXFileReference; lastKnownFileType = file.storyboard; name = Base; path = Base.lproj/Main.storyboard; sourceTree = "<group>"; };
		8B4EE3D61CE56E98002EBA8F /* Assets.xcassets */ = {isa = PBXFileReference; lastKnownFileType = folder.assetcatalog; path = Assets.xcassets; sourceTree = "<group>"; };
		8B4EE3D91CE56E98002EBA8F /* Base */ = {isa = PBXFileReference; lastKnownFileType = file.storyboard; name = Base; path = Base.lproj/LaunchScreen.storyboard; sourceTree = "<group>"; };
		8B4EE3DB1CE56E98002EBA8F /* Info.plist */ = {isa = PBXFileReference; lastKnownFileType = text.plist.xml; path = Info.plist; sourceTree = "<group>"; };
/* End PBXFileReference section */

/* Begin PBXFrameworksBuildPhase section */
		8B4EE3C41CE56E98002EBA8F /* Frameworks */ = {
			isa = PBXFrameworksBuildPhase;
			buildActionMask = 2147483647;
			files = (
			);
			runOnlyForDeploymentPostprocessing = 0;
		};
/* End PBXFrameworksBuildPhase section */

/* Begin PBXGroup section */
		8B4EE3BE1CE56E98002EBA8F = {
			isa = PBXGroup;
			children = (
				8B4EE3C91CE56E98002EBA8F /* CatergoriesForThreePartDemo */,
				8B4EE3C81CE56E98002EBA8F /* Products */,
			);
			sourceTree = "<group>";
		};
		8B4EE3C81CE56E98002EBA8F /* Products */ = {
			isa = PBXGroup;
			children = (
				8B4EE3C71CE56E98002EBA8F /* CatergoriesForThreePartDemo.app */,
			);
			name = Products;
			sourceTree = "<group>";
		};
		8B4EE3C91CE56E98002EBA8F /* CatergoriesForThreePartDemo */ = {
			isa = PBXGroup;
			children = (
				8B4EE3CD1CE56E98002EBA8F /* AppDelegate.h */,
				8B4EE3CE1CE56E98002EBA8F /* AppDelegate.m */,
				8B4EE3D01CE56E98002EBA8F /* ViewController.h */,
				8B4EE3D11CE56E98002EBA8F /* ViewController.m */,
				8B4EE3D31CE56E98002EBA8F /* Main.storyboard */,
				8B4EE3D61CE56E98002EBA8F /* Assets.xcassets */,
				8B4EE3D81CE56E98002EBA8F /* LaunchScreen.storyboard */,
				8B4EE3DB1CE56E98002EBA8F /* Info.plist */,
				8B4EE3CA1CE56E98002EBA8F /* Supporting Files */,
			);
			path = CatergoriesForThreePartDemo;
			sourceTree = "<group>";
		};
		8B4EE3CA1CE56E98002EBA8F /* Supporting Files */ = {
			isa = PBXGroup;
			children = (
				8B4EE3CB1CE56E98002EBA8F /* main.m */,
			);
			name = "Supporting Files";
			sourceTree = "<group>";
		};
/* End PBXGroup section */

/* Begin PBXNativeTarget section */
		8B4EE3C61CE56E98002EBA8F /* CatergoriesForThreePartDemo */ = {
			isa = PBXNativeTarget;
			buildConfigurationList = 8B4EE3DE1CE56E98002EBA8F /* Build configuration list for PBXNativeTarget "CatergoriesForThreePartDemo" */;
			buildPhases = (
				8B4EE3C31CE56E98002EBA8F /* Sources */,
				8B4EE3C41CE56E98002EBA8F /* Frameworks */,
				8B4EE3C51CE56E98002EBA8F /* Resources */,
			);
			buildRules = (
			);
			dependencies = (
			);
			name = CatergoriesForThreePartDemo;
			productName = CatergoriesForThreePartDemo;
			productReference = 8B4EE3C71CE56E98002EBA8F /* CatergoriesForThreePartDemo.app */;
			productType = "com.apple.product-type.application";
		};
/* End PBXNativeTarget section */

/* Begin PBXProject section */
		8B4EE3BF1CE56E98002EBA8F /* Project object */ = {
			isa = PBXProject;
			attributes = {
				LastUpgradeCheck = 0720;
				ORGANIZATIONNAME = wazrx;
				TargetAttributes = {
					8B4EE3C61CE56E98002EBA8F = {
						CreatedOnToolsVersion = 7.2;
					};
				};
			};
			buildConfigurationList = 8B4EE3C21CE56E98002EBA8F /* Build configuration list for PBXProject "CatergoriesForThreePartDemo" */;
			compatibilityVersion = "Xcode 3.2";
			developmentRegion = English;
			hasScannedForEncodings = 0;
			knownRegions = (
				en,
				Base,
			);
			mainGroup = 8B4EE3BE1CE56E98002EBA8F;
			productRefGroup = 8B4EE3C81CE56E98002EBA8F /* Products */;
			projectDirPath = "";
			projectRoot = "";
			targets = (
				8B4EE3C61CE56E98002EBA8F /* CatergoriesForThreePartDemo */,
			);
		};
/* End PBXProject section */

/* Begin PBXResourcesBuildPhase section */
		8B4EE3C51CE56E98002EBA8F /* Resources */ = {
			isa = PBXResourcesBuildPhase;
			buildActionMask = 2147483647;
			files = (
				8B4EE3DA1CE56E98002EBA8F /* LaunchScreen.storyboard in Resources */,
				8B4EE3D71CE56E98002EBA8F /* Assets.xcassets in Resources */,
				8B4EE3D51CE56E98002EBA8F /* Main.storyboard in Resources */,
			);
			runOnlyForDeploymentPostprocessing = 0;
		};
/* End PBXResourcesBuildPhase section */

/* Begin PBXSourcesBuildPhase section */
		8B4EE3C31CE56E98002EBA8F /* Sources */ = {
			isa = PBXSourcesBuildPhase;
			buildActionMask = 2147483647;
			files = (
				8B4EE3D21CE56E98002EBA8F /* ViewController.m in Sources */,
				8B4EE3CF1CE56E98002EBA8F /* AppDelegate.m in Sources */,
				8B4EE3CC1CE56E98002EBA8F /* main.m in Sources */,
			);
			runOnlyForDeploymentPostprocessing = 0;
		};
/* End PBXSourcesBuildPhase section */

/* Begin PBXVariantGroup section */
		8B4EE3D31CE56E98002EBA8F /* Main.storyboard */ = {
			isa = PBXVariantGroup;
			children = (
				8B4EE3D41CE56E98002EBA8F /* Base */,
			);
			name = Main.storyboard;
			sourceTree = "<group>";
		};
		8B4EE3D81CE56E98002EBA8F /* LaunchScreen.storyboard */ = {
			isa = PBXVariantGroup;
			children = (
				8B4EE3D91CE56E98002EBA8F /* Base */,
			);
			name = LaunchScreen.storyboard;
			sourceTree = "<group>";
		};
/* End PBXVariantGroup section */

/* Begin XCBuildConfiguration section */
		8B4EE3DC1CE56E98002EBA8F /* Debug */ = {
			isa = XCBuildConfiguration;
			buildSettings = {
				ALWAYS_SEARCH_USER_PATHS = NO;
				CLANG_CXX_LANGUAGE_STANDARD = "gnu++0x";
				CLANG_CXX_LIBRARY = "libc++";
				CLANG_ENABLE_MODULES = YES;
				CLANG_ENABLE_OBJC_ARC = YES;
				CLANG_WARN_BOOL_CONVERSION = YES;
				CLANG_WARN_CONSTANT_CONVERSION = YES;
				CLANG_WARN_DIRECT_OBJC_ISA_USAGE = YES_ERROR;
				CLANG_WARN_EMPTY_BODY = YES;
				CLANG_WARN_ENUM_CONVERSION = YES;
				CLANG_WARN_INT_CONVERSION = YES;
				CLANG_WARN_OBJC_ROOT_CLASS = YES_ERROR;
				CLANG_WARN_UNREACHABLE_CODE = YES;
				CLANG_WARN__DUPLICATE_METHOD_MATCH = YES;
				"CODE_SIGN_IDENTITY[sdk=iphoneos*]" = "iPhone Developer";
				COPY_PHASE_STRIP = NO;
				DEBUG_INFORMATION_FORMAT = dwarf;
				ENABLE_STRICT_OBJC_MSGSEND = YES;
				ENABLE_TESTABILITY = YES;
				GCC_C_LANGUAGE_STANDARD = gnu99;
				GCC_DYNAMIC_NO_PIC = NO;
				GCC_NO_COMMON_BLOCKS = YES;
				GCC_OPTIMIZATION_LEVEL = 0;
				GCC_PREPROCESSOR_DEFINITIONS = (
					"DEBUG=1",
					"$(inherited)",
				);
				GCC_WARN_64_TO_32_BIT_CONVERSION = YES;
				GCC_WARN_ABOUT_RETURN_TYPE = YES_ERROR;
				GCC_WARN_UNDECLARED_SELECTOR = YES;
				GCC_WARN_UNINITIALIZED_AUTOS = YES_AGGRESSIVE;
				GCC_WARN_UNUSED_FUNCTION = YES;
				GCC_WARN_UNUSED_VARIABLE = YES;
				IPHONEOS_DEPLOYMENT_TARGET = 9.2;
				MTL_ENABLE_DEBUG_INFO = YES;
				ONLY_ACTIVE_ARCH = YES;
				SDKROOT = iphoneos;
			};
			name = Debug;
		};
		8B4EE3DD1CE56E98002EBA8F /* Release */ = {
			isa = XCBuildConfiguration;
			buildSettings = {
				ALWAYS_SEARCH_USER_PATHS = NO;
				CLANG_CXX_LANGUAGE_STANDARD = "gnu++0x";
				CLANG_CXX_LIBRARY = "libc++";
				CLANG_ENABLE_MODULES = YES;
				CLANG_ENABLE_OBJC_ARC = YES;
				CLANG_WARN_BOOL_CONVERSION = YES;
				CLANG_WARN_CONSTANT_CONVERSION = YES;
				CLANG_WARN_DIRECT_OBJC_ISA_USAGE = YES_ERROR;
				CLANG_WARN_EMPTY_BODY = YES;
				CLANG_WARN_ENUM_CONVERSION = YES;
				CLANG_WARN_INT_CONVERSION = YES;
				CLANG_WARN_OBJC_ROOT_CLASS = YES_ERROR;
				CLANG_WARN_UNREACHABLE_CODE = YES;
				CLANG_WARN__DUPLICATE_METHOD_MATCH = YES;
				"CODE_SIGN_IDENTITY[sdk=iphoneos*]" = "iPhone Developer";
				COPY_PHASE_STRIP = NO;
				DEBUG_INFORMATION_FORMAT = "dwarf-with-dsym";
				ENABLE_NS_ASSERTIONS = NO;
				ENABLE_STRICT_OBJC_MSGSEND = YES;
				GCC_C_LANGUAGE_STANDARD = gnu99;
				GCC_NO_COMMON_BLOCKS = YES;
				GCC_WARN_64_TO_32_BIT_CONVERSION = YES;
				GCC_WARN_ABOUT_RETURN_TYPE = YES_ERROR;
				GCC_WARN_UNDECLARED_SELECTOR = YES;
				GCC_WARN_UNINITIALIZED_AUTOS = YES_AGGRESSIVE;
				GCC_WARN_UNUSED_FUNCTION = YES;
				GCC_WARN_UNUSED_VARIABLE = YES;
				IPHONEOS_DEPLOYMENT_TARGET = 9.2;
				MTL_ENABLE_DEBUG_INFO = NO;
				SDKROOT = iphoneos;
				VALIDATE_PRODUCT = YES;
			};
			name = Release;
		};
		8B4EE3DF1CE56E98002EBA8F /* Debug */ = {
			isa = XCBuildConfiguration;
			buildSettings = {
				ASSETCATALOG_COMPILER_APPICON_NAME = AppIcon;
				INFOPLIST_FILE = CatergoriesForThreePartDemo/Info.plist;
				LD_RUNPATH_SEARCH_PATHS = "$(inherited) @executable_path/Frameworks";
				PRODUCT_BUNDLE_IDENTIFIER = com.youloft.CatergoriesForThreePartDemo;
				PRODUCT_NAME = "$(TARGET_NAME)";
			};
			name = Debug;
		};
		8B4EE3E01CE56E98002EBA8F /* Release */ = {
			isa = XCBuildConfiguration;
			buildSettings = {
				ASSETCATALOG_COMPILER_APPICON_NAME = AppIcon;
				INFOPLIST_FILE = CatergoriesForThreePartDemo/Info.plist;
				LD_RUNPATH_SEARCH_PATHS = "$(inherited) @executable_path/Frameworks";
				PRODUCT_BUNDLE_IDENTIFIER = com.youloft.CatergoriesForThreePartDemo;
				PRODUCT_NAME = "$(TARGET_NAME)";
			};
			name = Release;
		};
/* End XCBuildConfiguration section */

/* Begin XCConfigurationList section */
		8B4EE3C21CE56E98002EBA8F /* Build configuration list for PBXProject "CatergoriesForThreePartDemo" */ = {
			isa = XCConfigurationList;
			buildConfigurations = (
				8B4EE3DC1CE56E98002EBA8F /* Debug */,
				8B4EE3DD1CE56E98002EBA8F /* Release */,
			);
			defaultConfigurationIsVisible = 0;
			defaultConfigurationName = Release;
		};
		8B4EE3DE1CE56E98002EBA8F /* Build configuration list for PBXNativeTarget "CatergoriesForThreePartDemo" */ = {
			isa = XCConfigurationList;
			buildConfigurations = (
				8B4EE3DF1CE56E98002EBA8F /* Debug */,
				8B4EE3E01CE56E98002EBA8F /* Release */,
			);
			defaultConfigurationIsVisible = 0;
		};
/* End XCConfigurationList section */
	};
	rootObject = 8B4EE3BF1CE56E98002EBA8F /* Project object */;
}
